// !$*UTF8*$!
{
	archiveVersion = 1;
	classes = {
	};
	objectVersion = 77;
	objects = {

/* Begin PBXBuildFile section */
		671A0C2C2E8D08C400A85EA5 /* FirebaseAuth in Frameworks */ = {isa = PBXBuildFile; productRef = 671A0C2B2E8D08C400A85EA5 /* FirebaseAuth */; };
		671A0C2E2E8D08C400A85EA5 /* FirebaseFirestore in Frameworks */ = {isa = PBXBuildFile; productRef = 671A0C2D2E8D08C400A85EA5 /* FirebaseFirestore */; };
		671A0C312E8D0AC300A85EA5 /* GoogleGenerativeAI in Frameworks */ = {isa = PBXBuildFile; productRef = 671A0C302E8D0AC300A85EA5 /* GoogleGenerativeAI */; };
		671A0C342E8D0AEE00A85EA5 /* GoogleMaps in Frameworks */ = {isa = PBXBuildFile; productRef = 671A0C332E8D0AEE00A85EA5 /* GoogleMaps */; };
		671A0C372E8D0D2300A85EA5 /* GooglePlaces in Frameworks */ = {isa = PBXBuildFile; productRef = 671A0C362E8D0D2300A85EA5 /* GooglePlaces */; };
		671A0C392E8D0D2300A85EA5 /* GooglePlacesSwift in Frameworks */ = {isa = PBXBuildFile; productRef = 671A0C382E8D0D2300A85EA5 /* GooglePlacesSwift */; };
		671BCEC72EA6B93900C35649 /* FirebaseAnalytics in Frameworks */ = {isa = PBXBuildFile; productRef = 671BCEC62EA6B93900C35649 /* FirebaseAnalytics */; };
		671BCECC2EA6C0DA00C35649 /* ReceiptParser in Frameworks */ = {isa = PBXBuildFile; productRef = 671BCECB2EA6C0DA00C35649 /* ReceiptParser */; };
		671BCECE2EA6C0DA00C35649 /* RevenueCat in Frameworks */ = {isa = PBXBuildFile; productRef = 671BCECD2EA6C0DA00C35649 /* RevenueCat */; };
		671BCED02EA6C0DA00C35649 /* RevenueCatUI in Frameworks */ = {isa = PBXBuildFile; productRef = 671BCECF2EA6C0DA00C35649 /* RevenueCatUI */; };
		67596D382E90098900703314 /* Localizable.xcstrings in Resources */ = {isa = PBXBuildFile; fileRef = 67596D372E90098900703314 /* Localizable.xcstrings */; };
		677C9A322E8D3CCE00F9958C /* GoogleMobileAds in Frameworks */ = {isa = PBXBuildFile; productRef = 677C9A312E8D3CCE00F9958C /* GoogleMobileAds */; };
		677FC7082E8E667200DE95A9 /* FirebaseFunctions in Frameworks */ = {isa = PBXBuildFile; productRef = 677FC7072E8E667200DE95A9 /* FirebaseFunctions */; };
		677FC70A2E8E667200DE95A9 /* FirebaseFunctionsCombine-Community in Frameworks */ = {isa = PBXBuildFile; productRef = 677FC7092E8E667200DE95A9 /* FirebaseFunctionsCombine-Community */; };
		67A0170B2E8FA783000E573B /* FirebaseMessaging in Frameworks */ = {isa = PBXBuildFile; productRef = 67A0170A2E8FA783000E573B /* FirebaseMessaging */; };
		67BDEA512E965CEA00FB1658 /* GoogleService-Info.plist in Resources */ = {isa = PBXBuildFile; fileRef = 67BDEA502E965CEA00FB1658 /* GoogleService-Info.plist */; };
		67FF0D492EAD8DC20040D245 /* StoreKit.framework in Frameworks */ = {isa = PBXBuildFile; fileRef = 678AF3582EA2549A00A6F5C8 /* StoreKit.framework */; };
/* End PBXBuildFile section */

/* Begin PBXFileReference section */
		671A0C1A2E8CFB2E00A85EA5 /* BagPackr.app */ = {isa = PBXFileReference; explicitFileType = wrapper.application; includeInIndex = 0; path = BagPackr.app; sourceTree = BUILT_PRODUCTS_DIR; };
		67596D372E90098900703314 /* Localizable.xcstrings */ = {isa = PBXFileReference; lastKnownFileType = text.json.xcstrings; path = Localizable.xcstrings; sourceTree = "<group>"; };
		678AF3582EA2549A00A6F5C8 /* StoreKit.framework */ = {isa = PBXFileReference; lastKnownFileType = wrapper.framework; name = StoreKit.framework; path = System/Library/Frameworks/StoreKit.framework; sourceTree = SDKROOT; };
		67BDEA502E965CEA00FB1658 /* GoogleService-Info.plist */ = {isa = PBXFileReference; lastKnownFileType = text.plist.xml; path = "GoogleService-Info.plist"; sourceTree = "<group>"; };
/* End PBXFileReference section */

/* Begin PBXFileSystemSynchronizedBuildFileExceptionSet section */
		677C9A362E8D3F9600F9958C /* Exceptions for "BagPackr" folder in "BagPackr" target */ = {
			isa = PBXFileSystemSynchronizedBuildFileExceptionSet;
			membershipExceptions = (
				Info.plist,
			);
			target = 671A0C192E8CFB2E00A85EA5 /* BagPackr */;
		};
/* End PBXFileSystemSynchronizedBuildFileExceptionSet section */

/* Begin PBXFileSystemSynchronizedRootGroup section */
		671A0C1C2E8CFB2E00A85EA5 /* BagPackr */ = {
			isa = PBXFileSystemSynchronizedRootGroup;
			exceptions = (
				677C9A362E8D3F9600F9958C /* Exceptions for "BagPackr" folder in "BagPackr" target */,
			);
			path = BagPackr;
			sourceTree = "<group>";
		};
/* End PBXFileSystemSynchronizedRootGroup section */

/* Begin PBXFrameworksBuildPhase section */
		671A0C172E8CFB2E00A85EA5 /* Frameworks */ = {
			isa = PBXFrameworksBuildPhase;
			buildActionMask = 2147483647;
			files = (
				671A0C342E8D0AEE00A85EA5 /* GoogleMaps in Frameworks */,
				671A0C312E8D0AC300A85EA5 /* GoogleGenerativeAI in Frameworks */,
				671BCECE2EA6C0DA00C35649 /* RevenueCat in Frameworks */,
				671BCECC2EA6C0DA00C35649 /* ReceiptParser in Frameworks */,
				671BCEC72EA6B93900C35649 /* FirebaseAnalytics in Frameworks */,
				67A0170B2E8FA783000E573B /* FirebaseMessaging in Frameworks */,
				677FC70A2E8E667200DE95A9 /* FirebaseFunctionsCombine-Community in Frameworks */,
				671A0C2C2E8D08C400A85EA5 /* FirebaseAuth in Frameworks */,
				671BCED02EA6C0DA00C35649 /* RevenueCatUI in Frameworks */,
				677FC7082E8E667200DE95A9 /* FirebaseFunctions in Frameworks */,
				671A0C372E8D0D2300A85EA5 /* GooglePlaces in Frameworks */,
				671A0C2E2E8D08C400A85EA5 /* FirebaseFirestore in Frameworks */,
				67FF0D492EAD8DC20040D245 /* StoreKit.framework in Frameworks */,
				671A0C392E8D0D2300A85EA5 /* GooglePlacesSwift in Frameworks */,
				677C9A322E8D3CCE00F9958C /* GoogleMobileAds in Frameworks */,
			);
			runOnlyForDeploymentPostprocessing = 0;
		};
/* End PBXFrameworksBuildPhase section */

/* Begin PBXGroup section */
		671A0C112E8CFB2E00A85EA5 = {
			isa = PBXGroup;
			children = (
				67596D372E90098900703314 /* Localizable.xcstrings */,
				67BDEA502E965CEA00FB1658 /* GoogleService-Info.plist */,
				671A0C1C2E8CFB2E00A85EA5 /* BagPackr */,
				678AF3572EA2549A00A6F5C8 /* Frameworks */,
				671A0C1B2E8CFB2E00A85EA5 /* Products */,
			);
			sourceTree = "<group>";
		};
		671A0C1B2E8CFB2E00A85EA5 /* Products */ = {
			isa = PBXGroup;
			children = (
				671A0C1A2E8CFB2E00A85EA5 /* BagPackr.app */,
			);
			name = Products;
			sourceTree = "<group>";
		};
		678AF3572EA2549A00A6F5C8 /* Frameworks */ = {
			isa = PBXGroup;
			children = (
				678AF3582EA2549A00A6F5C8 /* StoreKit.framework */,
			);
			name = Frameworks;
			sourceTree = "<group>";
		};
/* End PBXGroup section */

/* Begin PBXNativeTarget section */
		671A0C192E8CFB2E00A85EA5 /* BagPackr */ = {
			isa = PBXNativeTarget;
			buildConfigurationList = 671A0C252E8CFB3000A85EA5 /* Build configuration list for PBXNativeTarget "BagPackr" */;
			buildPhases = (
				671A0C162E8CFB2E00A85EA5 /* Sources */,
				671A0C172E8CFB2E00A85EA5 /* Frameworks */,
				671A0C182E8CFB2E00A85EA5 /* Resources */,
			);
			buildRules = (
			);
			dependencies = (
			);
			fileSystemSynchronizedGroups = (
				671A0C1C2E8CFB2E00A85EA5 /* BagPackr */,
			);
			name = BagPackr;
			packageProductDependencies = (
				671A0C2B2E8D08C400A85EA5 /* FirebaseAuth */,
				671A0C2D2E8D08C400A85EA5 /* FirebaseFirestore */,
				671A0C302E8D0AC300A85EA5 /* GoogleGenerativeAI */,
				671A0C332E8D0AEE00A85EA5 /* GoogleMaps */,
				671A0C362E8D0D2300A85EA5 /* GooglePlaces */,
				671A0C382E8D0D2300A85EA5 /* GooglePlacesSwift */,
				677C9A312E8D3CCE00F9958C /* GoogleMobileAds */,
				677FC7072E8E667200DE95A9 /* FirebaseFunctions */,
				677FC7092E8E667200DE95A9 /* FirebaseFunctionsCombine-Community */,
				67A0170A2E8FA783000E573B /* FirebaseMessaging */,
				671BCEC62EA6B93900C35649 /* FirebaseAnalytics */,
				671BCECB2EA6C0DA00C35649 /* ReceiptParser */,
				671BCECD2EA6C0DA00C35649 /* RevenueCat */,
				671BCECF2EA6C0DA00C35649 /* RevenueCatUI */,
			);
			productName = BagPackr;
			productReference = 671A0C1A2E8CFB2E00A85EA5 /* BagPackr.app */;
			productType = "com.apple.product-type.application";
		};
/* End PBXNativeTarget section */

/* Begin PBXProject section */
		671A0C122E8CFB2E00A85EA5 /* Project object */ = {
			isa = PBXProject;
			attributes = {
				BuildIndependentTargetsInParallel = 1;
				LastSwiftUpdateCheck = 2600;
				LastUpgradeCheck = 2600;
				TargetAttributes = {
					671A0C192E8CFB2E00A85EA5 = {
						CreatedOnToolsVersion = 26.0.1;
					};
				};
			};
			buildConfigurationList = 671A0C152E8CFB2E00A85EA5 /* Build configuration list for PBXProject "BagPackr" */;
			developmentRegion = en;
			hasScannedForEncodings = 0;
			knownRegions = (
				en,
				Base,
				tr,
				te,
			);
			mainGroup = 671A0C112E8CFB2E00A85EA5;
			minimizedProjectReferenceProxies = 1;
			packageReferences = (
				671A0C2A2E8CFEF600A85EA5 /* XCRemoteSwiftPackageReference "firebase-ios-sdk" */,
				671A0C2F2E8D0AC300A85EA5 /* XCRemoteSwiftPackageReference "generative-ai-swift" */,
				671A0C322E8D0AEE00A85EA5 /* XCRemoteSwiftPackageReference "ios-maps-sdk" */,
				671A0C352E8D0D2300A85EA5 /* XCRemoteSwiftPackageReference "ios-places-sdk" */,
				677C9A302E8D3CCE00F9958C /* XCRemoteSwiftPackageReference "swift-package-manager-google-mobile-ads" */,
				671BCECA2EA6C0DA00C35649 /* XCRemoteSwiftPackageReference "purchases-ios" */,
			);
			preferredProjectObjectVersion = 77;
			productRefGroup = 671A0C1B2E8CFB2E00A85EA5 /* Products */;
			projectDirPath = "";
			projectRoot = "";
			targets = (
				671A0C192E8CFB2E00A85EA5 /* BagPackr */,
			);
		};
/* End PBXProject section */

/* Begin PBXResourcesBuildPhase section */
		671A0C182E8CFB2E00A85EA5 /* Resources */ = {
			isa = PBXResourcesBuildPhase;
			buildActionMask = 2147483647;
			files = (
				67BDEA512E965CEA00FB1658 /* GoogleService-Info.plist in Resources */,
				67596D382E90098900703314 /* Localizable.xcstrings in Resources */,
			);
			runOnlyForDeploymentPostprocessing = 0;
		};
/* End PBXResourcesBuildPhase section */

/* Begin PBXSourcesBuildPhase section */
		671A0C162E8CFB2E00A85EA5 /* Sources */ = {
			isa = PBXSourcesBuildPhase;
			buildActionMask = 2147483647;
			files = (
			);
			runOnlyForDeploymentPostprocessing = 0;
		};
/* End PBXSourcesBuildPhase section */

/* Begin XCBuildConfiguration section */
		671A0C232E8CFB3000A85EA5 /* Debug */ = {
			isa = XCBuildConfiguration;
			buildSettings = {
				ALWAYS_SEARCH_USER_PATHS = NO;
				ASSETCATALOG_COMPILER_GENERATE_SWIFT_ASSET_SYMBOL_EXTENSIONS = YES;
				CLANG_ANALYZER_NONNULL = YES;
				CLANG_ANALYZER_NUMBER_OBJECT_CONVERSION = YES_AGGRESSIVE;
				CLANG_CXX_LANGUAGE_STANDARD = "gnu++20";
				CLANG_ENABLE_MODULES = YES;
				CLANG_ENABLE_OBJC_ARC = YES;
				CLANG_ENABLE_OBJC_WEAK = YES;
				CLANG_WARN_BLOCK_CAPTURE_AUTORELEASING = YES;
				CLANG_WARN_BOOL_CONVERSION = YES;
				CLANG_WARN_COMMA = YES;
				CLANG_WARN_CONSTANT_CONVERSION = YES;
				CLANG_WARN_DEPRECATED_OBJC_IMPLEMENTATIONS = YES;
				CLANG_WARN_DIRECT_OBJC_ISA_USAGE = YES_ERROR;
				CLANG_WARN_DOCUMENTATION_COMMENTS = YES;
				CLANG_WARN_EMPTY_BODY = YES;
				CLANG_WARN_ENUM_CONVERSION = YES;
				CLANG_WARN_INFINITE_RECURSION = YES;
				CLANG_WARN_INT_CONVERSION = YES;
				CLANG_WARN_NON_LITERAL_NULL_CONVERSION = YES;
				CLANG_WARN_OBJC_IMPLICIT_RETAIN_SELF = YES;
				CLANG_WARN_OBJC_LITERAL_CONVERSION = YES;
				CLANG_WARN_OBJC_ROOT_CLASS = YES_ERROR;
				CLANG_WARN_QUOTED_INCLUDE_IN_FRAMEWORK_HEADER = YES;
				CLANG_WARN_RANGE_LOOP_ANALYSIS = YES;
				CLANG_WARN_STRICT_PROTOTYPES = YES;
				CLANG_WARN_SUSPICIOUS_MOVE = YES;
				CLANG_WARN_UNGUARDED_AVAILABILITY = YES_AGGRESSIVE;
				CLANG_WARN_UNREACHABLE_CODE = YES;
				CLANG_WARN__DUPLICATE_METHOD_MATCH = YES;
				COPY_PHASE_STRIP = NO;
				DEBUG_INFORMATION_FORMAT = dwarf;
				DEVELOPMENT_TEAM = 659FLGR7LF;
				ENABLE_STRICT_OBJC_MSGSEND = YES;
				ENABLE_TESTABILITY = YES;
				ENABLE_USER_SCRIPT_SANDBOXING = YES;
				GCC_C_LANGUAGE_STANDARD = gnu17;
				GCC_DYNAMIC_NO_PIC = NO;
				GCC_NO_COMMON_BLOCKS = YES;
				GCC_OPTIMIZATION_LEVEL = 0;
				GCC_PREPROCESSOR_DEFINITIONS = (
					"DEBUG=1",
					"$(inherited)",
				);
				GCC_WARN_64_TO_32_BIT_CONVERSION = YES;
				GCC_WARN_ABOUT_RETURN_TYPE = YES_ERROR;
				GCC_WARN_UNDECLARED_SELECTOR = YES;
				GCC_WARN_UNINITIALIZED_AUTOS = YES_AGGRESSIVE;
				GCC_WARN_UNUSED_FUNCTION = YES;
				GCC_WARN_UNUSED_VARIABLE = YES;
				IPHONEOS_DEPLOYMENT_TARGET = 26.0;
				LOCALIZATION_PREFERS_STRING_CATALOGS = YES;
				MTL_ENABLE_DEBUG_INFO = INCLUDE_SOURCE;
				MTL_FAST_MATH = YES;
				ONLY_ACTIVE_ARCH = YES;
				SDKROOT = iphoneos;
				SWIFT_ACTIVE_COMPILATION_CONDITIONS = "DEBUG $(inherited)";
				SWIFT_EMIT_LOC_STRINGS = YES;
				SWIFT_OPTIMIZATION_LEVEL = "-Onone";
			};
			name = Debug;
		};
		671A0C242E8CFB3000A85EA5 /* Release */ = {
			isa = XCBuildConfiguration;
			buildSettings = {
				ALWAYS_SEARCH_USER_PATHS = NO;
				ASSETCATALOG_COMPILER_GENERATE_SWIFT_ASSET_SYMBOL_EXTENSIONS = YES;
				CLANG_ANALYZER_NONNULL = YES;
				CLANG_ANALYZER_NUMBER_OBJECT_CONVERSION = YES_AGGRESSIVE;
				CLANG_CXX_LANGUAGE_STANDARD = "gnu++20";
				CLANG_ENABLE_MODULES = YES;
				CLANG_ENABLE_OBJC_ARC = YES;
				CLANG_ENABLE_OBJC_WEAK = YES;
				CLANG_WARN_BLOCK_CAPTURE_AUTORELEASING = YES;
				CLANG_WARN_BOOL_CONVERSION = YES;
				CLANG_WARN_COMMA = YES;
				CLANG_WARN_CONSTANT_CONVERSION = YES;
				CLANG_WARN_DEPRECATED_OBJC_IMPLEMENTATIONS = YES;
				CLANG_WARN_DIRECT_OBJC_ISA_USAGE = YES_ERROR;
				CLANG_WARN_DOCUMENTATION_COMMENTS = YES;
				CLANG_WARN_EMPTY_BODY = YES;
				CLANG_WARN_ENUM_CONVERSION = YES;
				CLANG_WARN_INFINITE_RECURSION = YES;
				CLANG_WARN_INT_CONVERSION = YES;
				CLANG_WARN_NON_LITERAL_NULL_CONVERSION = YES;
				CLANG_WARN_OBJC_IMPLICIT_RETAIN_SELF = YES;
				CLANG_WARN_OBJC_LITERAL_CONVERSION = YES;
				CLANG_WARN_OBJC_ROOT_CLASS = YES_ERROR;
				CLANG_WARN_QUOTED_INCLUDE_IN_FRAMEWORK_HEADER = YES;
				CLANG_WARN_RANGE_LOOP_ANALYSIS = YES;
				CLANG_WARN_STRICT_PROTOTYPES = YES;
				CLANG_WARN_SUSPICIOUS_MOVE = YES;
				CLANG_WARN_UNGUARDED_AVAILABILITY = YES_AGGRESSIVE;
				CLANG_WARN_UNREACHABLE_CODE = YES;
				CLANG_WARN__DUPLICATE_METHOD_MATCH = YES;
				COPY_PHASE_STRIP = NO;
				DEBUG_INFORMATION_FORMAT = "dwarf-with-dsym";
				DEVELOPMENT_TEAM = 659FLGR7LF;
				ENABLE_NS_ASSERTIONS = NO;
				ENABLE_STRICT_OBJC_MSGSEND = YES;
				ENABLE_USER_SCRIPT_SANDBOXING = YES;
				GCC_C_LANGUAGE_STANDARD = gnu17;
				GCC_NO_COMMON_BLOCKS = YES;
				GCC_WARN_64_TO_32_BIT_CONVERSION = YES;
				GCC_WARN_ABOUT_RETURN_TYPE = YES_ERROR;
				GCC_WARN_UNDECLARED_SELECTOR = YES;
				GCC_WARN_UNINITIALIZED_AUTOS = YES_AGGRESSIVE;
				GCC_WARN_UNUSED_FUNCTION = YES;
				GCC_WARN_UNUSED_VARIABLE = YES;
				IPHONEOS_DEPLOYMENT_TARGET = 26.0;
				LOCALIZATION_PREFERS_STRING_CATALOGS = YES;
				MTL_ENABLE_DEBUG_INFO = NO;
				MTL_FAST_MATH = YES;
				SDKROOT = iphoneos;
				SWIFT_COMPILATION_MODE = wholemodule;
				SWIFT_EMIT_LOC_STRINGS = YES;
				VALIDATE_PRODUCT = YES;
			};
			name = Release;
		};
		671A0C262E8CFB3000A85EA5 /* Debug */ = {
			isa = XCBuildConfiguration;
			buildSettings = {
				ASSETCATALOG_COMPILER_APPICON_NAME = AppIcon;
				ASSETCATALOG_COMPILER_GLOBAL_ACCENT_COLOR_NAME = AccentColor;
				CODE_SIGN_ENTITLEMENTS = BagPackr/BagPackr.entitlements;
				CODE_SIGN_IDENTITY = "Apple Development";
				CODE_SIGN_STYLE = Automatic;
				CURRENT_PROJECT_VERSION = 1;
				DEVELOPMENT_TEAM = 659FLGR7LF;
				ENABLE_PREVIEWS = YES;
				GENERATE_INFOPLIST_FILE = YES;
				INFOPLIST_FILE = BagPackr/Info.plist;
				INFOPLIST_KEY_ITSAppUsesNonExemptEncryption = NO;
				INFOPLIST_KEY_LSApplicationCategoryType = "public.app-category.travel";
				INFOPLIST_KEY_NSLocationWhenInUseUsageDescription = "BagPckr uses your location to show nearby attractions, optimize your itineraries, and suggest routes during your trip.";
				INFOPLIST_KEY_UIApplicationSceneManifest_Generation = YES;
				INFOPLIST_KEY_UIApplicationSupportsIndirectInputEvents = YES;
				INFOPLIST_KEY_UILaunchScreen_Generation = YES;
				INFOPLIST_KEY_UISupportedInterfaceOrientations = UIInterfaceOrientationPortrait;
				INFOPLIST_KEY_UISupportedInterfaceOrientations_iPad = "UIInterfaceOrientationLandscapeLeft UIInterfaceOrientationLandscapeRight UIInterfaceOrientationPortrait UIInterfaceOrientationPortraitUpsideDown";
				IPHONEOS_DEPLOYMENT_TARGET = 17.6;
				LD_RUNPATH_SEARCH_PATHS = (
					"$(inherited)",
					"@executable_path/Frameworks",
				);
				MARKETING_VERSION = 1.5;
				PRODUCT_BUNDLE_IDENTIFIER = com.aoSnc.BagPakr;
				PRODUCT_NAME = "$(TARGET_NAME)";
				PROVISIONING_PROFILE_SPECIFIER = "";
				STRING_CATALOG_GENERATE_SYMBOLS = YES;
				SUPPORTED_PLATFORMS = "iphoneos iphonesimulator";
				SUPPORTS_MACCATALYST = NO;
				SUPPORTS_MAC_DESIGNED_FOR_IPHONE_IPAD = NO;
				SUPPORTS_XR_DESIGNED_FOR_IPHONE_IPAD = NO;
				SWIFT_APPROACHABLE_CONCURRENCY = YES;
				SWIFT_DEFAULT_ACTOR_ISOLATION = MainActor;
				SWIFT_EMIT_LOC_STRINGS = YES;
				SWIFT_UPCOMING_FEATURE_MEMBER_IMPORT_VISIBILITY = YES;
				SWIFT_VERSION = 5.0;
				TARGETED_DEVICE_FAMILY = 1;
			};
			name = Debug;
		};
		671A0C272E8CFB3000A85EA5 /* Release */ = {
			isa = XCBuildConfiguration;
			buildSettings = {
				ASSETCATALOG_COMPILER_APPICON_NAME = AppIcon;
				ASSETCATALOG_COMPILER_GLOBAL_ACCENT_COLOR_NAME = AccentColor;
				CODE_SIGN_ENTITLEMENTS = BagPackr/BagPackr.entitlements;
				CODE_SIGN_IDENTITY = "Apple Development";
				CODE_SIGN_STYLE = Automatic;
				CURRENT_PROJECT_VERSION = 1;
				DEVELOPMENT_TEAM = 659FLGR7LF;
				ENABLE_PREVIEWS = YES;
				GENERATE_INFOPLIST_FILE = YES;
				INFOPLIST_FILE = BagPackr/Info.plist;
				INFOPLIST_KEY_ITSAppUsesNonExemptEncryption = NO;
				INFOPLIST_KEY_LSApplicationCategoryType = "public.app-category.travel";
				INFOPLIST_KEY_NSLocationWhenInUseUsageDescription = "BagPckr uses your location to show nearby attractions, optimize your itineraries, and suggest routes during your trip.";
				INFOPLIST_KEY_UIApplicationSceneManifest_Generation = YES;
				INFOPLIST_KEY_UIApplicationSupportsIndirectInputEvents = YES;
				INFOPLIST_KEY_UILaunchScreen_Generation = YES;
				INFOPLIST_KEY_UISupportedInterfaceOrientations = UIInterfaceOrientationPortrait;
				INFOPLIST_KEY_UISupportedInterfaceOrientations_iPad = "UIInterfaceOrientationLandscapeLeft UIInterfaceOrientationLandscapeRight UIInterfaceOrientationPortrait UIInterfaceOrientationPortraitUpsideDown";
				IPHONEOS_DEPLOYMENT_TARGET = 17.6;
				LD_RUNPATH_SEARCH_PATHS = (
					"$(inherited)",
					"@executable_path/Frameworks",
				);
				MARKETING_VERSION = 1.5;
				PRODUCT_BUNDLE_IDENTIFIER = com.aoSnc.BagPakr;
				PRODUCT_NAME = "$(TARGET_NAME)";
				PROVISIONING_PROFILE_SPECIFIER = "";
				STRING_CATALOG_GENERATE_SYMBOLS = YES;
				SUPPORTED_PLATFORMS = "iphoneos iphonesimulator";
				SUPPORTS_MACCATALYST = NO;
				SUPPORTS_MAC_DESIGNED_FOR_IPHONE_IPAD = NO;
				SUPPORTS_XR_DESIGNED_FOR_IPHONE_IPAD = NO;
				SWIFT_APPROACHABLE_CONCURRENCY = YES;
				SWIFT_DEFAULT_ACTOR_ISOLATION = MainActor;
				SWIFT_EMIT_LOC_STRINGS = YES;
				SWIFT_UPCOMING_FEATURE_MEMBER_IMPORT_VISIBILITY = YES;
				SWIFT_VERSION = 5.0;
				TARGETED_DEVICE_FAMILY = 1;
			};
			name = Release;
		};
/* End XCBuildConfiguration section */

/* Begin XCConfigurationList section */
		671A0C152E8CFB2E00A85EA5 /* Build configuration list for PBXProject "BagPackr" */ = {
			isa = XCConfigurationList;
			buildConfigurations = (
				671A0C232E8CFB3000A85EA5 /* Debug */,
				671A0C242E8CFB3000A85EA5 /* Release */,
			);
			defaultConfigurationIsVisible = 0;
			defaultConfigurationName = Release;
		};
		671A0C252E8CFB3000A85EA5 /* Build configuration list for PBXNativeTarget "BagPackr" */ = {
			isa = XCConfigurationList;
			buildConfigurations = (
				671A0C262E8CFB3000A85EA5 /* Debug */,
				671A0C272E8CFB3000A85EA5 /* Release */,
			);
			defaultConfigurationIsVisible = 0;
			defaultConfigurationName = Release;
		};
/* End XCConfigurationList section */

/* Begin XCRemoteSwiftPackageReference section */
		671A0C2A2E8CFEF600A85EA5 /* XCRemoteSwiftPackageReference "firebase-ios-sdk" */ = {
			isa = XCRemoteSwiftPackageReference;
			repositoryURL = "https://github.com/firebase/firebase-ios-sdk";
			requirement = {
				kind = upToNextMajorVersion;
				minimumVersion = 12.3.0;
			};
		};
		671A0C2F2E8D0AC300A85EA5 /* XCRemoteSwiftPackageReference "generative-ai-swift" */ = {
			isa = XCRemoteSwiftPackageReference;
			repositoryURL = "https://github.com/google/generative-ai-swift";
			requirement = {
				kind = upToNextMajorVersion;
				minimumVersion = 0.5.6;
			};
		};
		671A0C322E8D0AEE00A85EA5 /* XCRemoteSwiftPackageReference "ios-maps-sdk" */ = {
			isa = XCRemoteSwiftPackageReference;
			repositoryURL = "https://github.com/googlemaps/ios-maps-sdk";
			requirement = {
				kind = upToNextMajorVersion;
				minimumVersion = 10.3.0;
			};
		};
		671A0C352E8D0D2300A85EA5 /* XCRemoteSwiftPackageReference "ios-places-sdk" */ = {
			isa = XCRemoteSwiftPackageReference;
			repositoryURL = "https://github.com/googlemaps/ios-places-sdk";
			requirement = {
				kind = upToNextMajorVersion;
				minimumVersion = 10.1.0;
			};
		};
		671BCECA2EA6C0DA00C35649 /* XCRemoteSwiftPackageReference "purchases-ios" */ = {
			isa = XCRemoteSwiftPackageReference;
			repositoryURL = "https://github.com/RevenueCat/purchases-ios";
			requirement = {
				kind = upToNextMajorVersion;
				minimumVersion = 5.44.1;
			};
		};
		677C9A302E8D3CCE00F9958C /* XCRemoteSwiftPackageReference "swift-package-manager-google-mobile-ads" */ = {
			isa = XCRemoteSwiftPackageReference;
			repositoryURL = "https://github.com/googleads/swift-package-manager-google-mobile-ads";
			requirement = {
				kind = upToNextMajorVersion;
				minimumVersion = 12.11.0;
			};
		};
/* End XCRemoteSwiftPackageReference section */

/* Begin XCSwiftPackageProductDependency section */
		671A0C2B2E8D08C400A85EA5 /* FirebaseAuth */ = {
			isa = XCSwiftPackageProductDependency;
			package = 671A0C2A2E8CFEF600A85EA5 /* XCRemoteSwiftPackageReference "firebase-ios-sdk" */;
			productName = FirebaseAuth;
		};
		671A0C2D2E8D08C400A85EA5 /* FirebaseFirestore */ = {
			isa = XCSwiftPackageProductDependency;
			package = 671A0C2A2E8CFEF600A85EA5 /* XCRemoteSwiftPackageReference "firebase-ios-sdk" */;
			productName = FirebaseFirestore;
		};
		671A0C302E8D0AC300A85EA5 /* GoogleGenerativeAI */ = {
			isa = XCSwiftPackageProductDependency;
			package = 671A0C2F2E8D0AC300A85EA5 /* XCRemoteSwiftPackageReference "generative-ai-swift" */;
			productName = GoogleGenerativeAI;
		};
		671A0C332E8D0AEE00A85EA5 /* GoogleMaps */ = {
			isa = XCSwiftPackageProductDependency;
			package = 671A0C322E8D0AEE00A85EA5 /* XCRemoteSwiftPackageReference "ios-maps-sdk" */;
			productName = GoogleMaps;
		};
		671A0C362E8D0D2300A85EA5 /* GooglePlaces */ = {
			isa = XCSwiftPackageProductDependency;
			package = 671A0C352E8D0D2300A85EA5 /* XCRemoteSwiftPackageReference "ios-places-sdk" */;
			productName = GooglePlaces;
		};
		671A0C382E8D0D2300A85EA5 /* GooglePlacesSwift */ = {
			isa = XCSwiftPackageProductDependency;
			package = 671A0C352E8D0D2300A85EA5 /* XCRemoteSwiftPackageReference "ios-places-sdk" */;
			productName = GooglePlacesSwift;
		};
		671BCEC62EA6B93900C35649 /* FirebaseAnalytics */ = {
			isa = XCSwiftPackageProductDependency;
			productName = FirebaseAnalytics;
		};
		671BCECB2EA6C0DA00C35649 /* ReceiptParser */ = {
			isa = XCSwiftPackageProductDependency;
			package = 671BCECA2EA6C0DA00C35649 /* XCRemoteSwiftPackageReference "purchases-ios" */;
			productName = ReceiptParser;
		};
		671BCECD2EA6C0DA00C35649 /* RevenueCat */ = {
			isa = XCSwiftPackageProductDependency;
			package = 671BCECA2EA6C0DA00C35649 /* XCRemoteSwiftPackageReference "purchases-ios" */;
			productName = RevenueCat;
		};
		671BCECF2EA6C0DA00C35649 /* RevenueCatUI */ = {
			isa = XCSwiftPackageProductDependency;
			package = 671BCECA2EA6C0DA00C35649 /* XCRemoteSwiftPackageReference "purchases-ios" */;
			productName = RevenueCatUI;
		};
		677C9A312E8D3CCE00F9958C /* GoogleMobileAds */ = {
			isa = XCSwiftPackageProductDependency;
			package = 677C9A302E8D3CCE00F9958C /* XCRemoteSwiftPackageReference "swift-package-manager-google-mobile-ads" */;
			productName = GoogleMobileAds;
		};
		677FC7072E8E667200DE95A9 /* FirebaseFunctions */ = {
			isa = XCSwiftPackageProductDependency;
			productName = FirebaseFunctions;
		};
		677FC7092E8E667200DE95A9 /* FirebaseFunctionsCombine-Community */ = {
			isa = XCSwiftPackageProductDependency;
			productName = "FirebaseFunctionsCombine-Community";
		};
		67A0170A2E8FA783000E573B /* FirebaseMessaging */ = {
			isa = XCSwiftPackageProductDependency;
			productName = FirebaseMessaging;
		};
/* End XCSwiftPackageProductDependency section */
	};
	rootObject = 671A0C122E8CFB2E00A85EA5 /* Project object */;
}
